{
  "name": "@goson/react-antd-mobile",
  "version": "0.0.1",
  "lockfileVersion": 1,
  "requires": true,
  "dependencies": {
    "@goson/react-cdk": {
      "version": "0.0.2",
      "resolved": "https://registry.npmjs.org/@goson/react-cdk/-/react-cdk-0.0.2.tgz",
      "integrity": "sha512-ScpMic1KTggB4toynbULsH5F4qfqLINogfeRSLmHyWmmRAk1C7f8mViCNpk2vum0G8DJLYPOlU5IVoun628KEQ=="
    }
  }
}
